
Microsoft Visual Studio Solution File, Format Version 12.00
# Visual Studio Version 16
VisualStudioVersion = 16.0.31727.386
MinimumVisualStudioVersion = 10.0.40219.1
Project("{2150E333-8FDC-42A3-9474-1A3956D46DE8}") = "1 - Backend", "1 - Backend", "{05C26577-CFFE-4E08-A59D-C071860D8017}"
EndProject
Project("{2150E333-8FDC-42A3-9474-1A3956D46DE8}") = "2 - Application", "2 - Application", "{E0CD0E36-DF9B-41A7-AF03-071A5B746481}"
EndProject
Project("{2150E333-8FDC-42A3-9474-1A3956D46DE8}") = "3 - Domain", "3 - Domain", "{7D867D2C-F7F7-4DF7-B294-19694ECBFA1D}"
EndProject
Project("{2150E333-8FDC-42A3-9474-1A3956D46DE8}") = "4 - Infrastructure", "4 - Infrastructure", "{12035121-0428-48A9-A65F-19E2A242FC18}"
EndProject
Project("{2150E333-8FDC-42A3-9474-1A3956D46DE8}") = "5 - Crosscutting", "5 - Crosscutting", "{68A7C409-E9AB-40F3-A3E1-590D7943447A}"
EndProject
Project("{FAE04EC0-301F-11D3-BF4B-00C04F79EFBC}") = "Carlosencine.Api", "src\Carlosencine.Api\Carlosencine.Api.csproj", "{3EE651E5-FF9D-4542-AEEA-70013261102A}"
EndProject
Project("{FAE04EC0-301F-11D3-BF4B-00C04F79EFBC}") = "Carlosencine.Application", "src\Carlosencine.Application\Carlosencine.Application.csproj", "{2705CD6D-8D02-4872-B087-FFEA0B7C4B74}"
EndProject
Project("{FAE04EC0-301F-11D3-BF4B-00C04F79EFBC}") = "Carlosencine.Domain", "src\Carlosencine.Domain\Carlosencine.Domain.csproj", "{511C3228-EED9-4955-BD39-0C15555A0C64}"
EndProject
Project("{FAE04EC0-301F-11D3-BF4B-00C04F79EFBC}") = "Carlosencine.Infrastructure", "src\Carlosencine.Infrastructure\Carlosencine.Infrastructure.csproj", "{C2BCCAFA-A7AA-4757-B721-00DB05BFDF36}"
EndProject
Project("{2150E333-8FDC-42A3-9474-1A3956D46DE8}") = "src", "src", "{1D5FAA56-1C8C-4B93-A5B5-4A046219EDA8}"
EndProject
Project("{2150E333-8FDC-42A3-9474-1A3956D46DE8}") = "test", "test", "{BC76527C-68E7-4146-9014-5A5902DC1A3D}"
EndProject
Project("{2150E333-8FDC-42A3-9474-1A3956D46DE8}") = "1 - Unit", "1 - Unit", "{62AF13CA-C88B-4850-9BFA-9E1B67F4B4EF}"
EndProject
Project("{2150E333-8FDC-42A3-9474-1A3956D46DE8}") = "2 - Integration", "2 - Integration", "{E9E4517B-BBCA-42DA-9C54-C1C2DCDC7887}"
EndProject
Project("{FAE04EC0-301F-11D3-BF4B-00C04F79EFBC}") = "Carlosencine.UnitTests", "test\Carlosencine.UnitTests\Carlosencine.UnitTests.csproj", "{B61767B8-9C82-4AFB-B2EC-E439E91AFF9D}"
EndProject
Project("{FAE04EC0-301F-11D3-BF4B-00C04F79EFBC}") = "Carlosencine.Crosscutting", "src\Carlosencine.Crosscutting\Carlosencine.Crosscutting.csproj", "{CE82E37E-1CE8-4B52-9AD1-945C51987713}"
EndProject
Project("{FAE04EC0-301F-11D3-BF4B-00C04F79EFBC}") = "Carlosencine.IntegrationTests", "Carlosencine.IntegrationTests\Carlosencine.IntegrationTests.csproj", "{13D592A3-4AA4-48B5-8477-250A7637856F}"
EndProject
Global
	GlobalSection(SolutionConfigurationPlatforms) = preSolution
		Debug|Any CPU = Debug|Any CPU
		Release|Any CPU = Release|Any CPU
	EndGlobalSection
	GlobalSection(ProjectConfigurationPlatforms) = postSolution
		{3EE651E5-FF9D-4542-AEEA-70013261102A}.Debug|Any CPU.ActiveCfg = Debug|Any CPU
		{3EE651E5-FF9D-4542-AEEA-70013261102A}.Debug|Any CPU.Build.0 = Debug|Any CPU
		{3EE651E5-FF9D-4542-AEEA-70013261102A}.Release|Any CPU.ActiveCfg = Release|Any CPU
		{3EE651E5-FF9D-4542-AEEA-70013261102A}.Release|Any CPU.Build.0 = Release|Any CPU
		{2705CD6D-8D02-4872-B087-FFEA0B7C4B74}.Debug|Any CPU.ActiveCfg = Debug|Any CPU
		{2705CD6D-8D02-4872-B087-FFEA0B7C4B74}.Debug|Any CPU.Build.0 = Debug|Any CPU
		{2705CD6D-8D02-4872-B087-FFEA0B7C4B74}.Release|Any CPU.ActiveCfg = Release|Any CPU
		{2705CD6D-8D02-4872-B087-FFEA0B7C4B74}.Release|Any CPU.Build.0 = Release|Any CPU
		{511C3228-EED9-4955-BD39-0C15555A0C64}.Debug|Any CPU.ActiveCfg = Debug|Any CPU
		{511C3228-EED9-4955-BD39-0C15555A0C64}.Debug|Any CPU.Build.0 = Debug|Any CPU
		{511C3228-EED9-4955-BD39-0C15555A0C64}.Release|Any CPU.ActiveCfg = Release|Any CPU
		{511C3228-EED9-4955-BD39-0C15555A0C64}.Release|Any CPU.Build.0 = Release|Any CPU
		{C2BCCAFA-A7AA-4757-B721-00DB05BFDF36}.Debug|Any CPU.ActiveCfg = Debug|Any CPU
		{C2BCCAFA-A7AA-4757-B721-00DB05BFDF36}.Debug|Any CPU.Build.0 = Debug|Any CPU
		{C2BCCAFA-A7AA-4757-B721-00DB05BFDF36}.Release|Any CPU.ActiveCfg = Release|Any CPU
		{C2BCCAFA-A7AA-4757-B721-00DB05BFDF36}.Release|Any CPU.Build.0 = Release|Any CPU
		{B61767B8-9C82-4AFB-B2EC-E439E91AFF9D}.Debug|Any CPU.ActiveCfg = Debug|Any CPU
		{B61767B8-9C82-4AFB-B2EC-E439E91AFF9D}.Debug|Any CPU.Build.0 = Debug|Any CPU
		{B61767B8-9C82-4AFB-B2EC-E439E91AFF9D}.Release|Any CPU.ActiveCfg = Release|Any CPU
		{B61767B8-9C82-4AFB-B2EC-E439E91AFF9D}.Release|Any CPU.Build.0 = Release|Any CPU
		{CE82E37E-1CE8-4B52-9AD1-945C51987713}.Debug|Any CPU.ActiveCfg = Debug|Any CPU
		{CE82E37E-1CE8-4B52-9AD1-945C51987713}.Debug|Any CPU.Build.0 = Debug|Any CPU
		{CE82E37E-1CE8-4B52-9AD1-945C51987713}.Release|Any CPU.ActiveCfg = Release|Any CPU
		{CE82E37E-1CE8-4B52-9AD1-945C51987713}.Release|Any CPU.Build.0 = Release|Any CPU
		{13D592A3-4AA4-48B5-8477-250A7637856F}.Debug|Any CPU.ActiveCfg = Debug|Any CPU
		{13D592A3-4AA4-48B5-8477-250A7637856F}.Debug|Any CPU.Build.0 = Debug|Any CPU
		{13D592A3-4AA4-48B5-8477-250A7637856F}.Release|Any CPU.ActiveCfg = Release|Any CPU
		{13D592A3-4AA4-48B5-8477-250A7637856F}.Release|Any CPU.Build.0 = Release|Any CPU
	EndGlobalSection
	GlobalSection(SolutionProperties) = preSolution
		HideSolutionNode = FALSE
	EndGlobalSection
	GlobalSection(NestedProjects) = preSolution
		{05C26577-CFFE-4E08-A59D-C071860D8017} = {1D5FAA56-1C8C-4B93-A5B5-4A046219EDA8}
		{E0CD0E36-DF9B-41A7-AF03-071A5B746481} = {1D5FAA56-1C8C-4B93-A5B5-4A046219EDA8}
		{7D867D2C-F7F7-4DF7-B294-19694ECBFA1D} = {1D5FAA56-1C8C-4B93-A5B5-4A046219EDA8}
		{12035121-0428-48A9-A65F-19E2A242FC18} = {1D5FAA56-1C8C-4B93-A5B5-4A046219EDA8}
		{68A7C409-E9AB-40F3-A3E1-590D7943447A} = {1D5FAA56-1C8C-4B93-A5B5-4A046219EDA8}
		{3EE651E5-FF9D-4542-AEEA-70013261102A} = {05C26577-CFFE-4E08-A59D-C071860D8017}
		{2705CD6D-8D02-4872-B087-FFEA0B7C4B74} = {E0CD0E36-DF9B-41A7-AF03-071A5B746481}
		{511C3228-EED9-4955-BD39-0C15555A0C64} = {7D867D2C-F7F7-4DF7-B294-19694ECBFA1D}
		{C2BCCAFA-A7AA-4757-B721-00DB05BFDF36} = {12035121-0428-48A9-A65F-19E2A242FC18}
		{62AF13CA-C88B-4850-9BFA-9E1B67F4B4EF} = {BC76527C-68E7-4146-9014-5A5902DC1A3D}
		{E9E4517B-BBCA-42DA-9C54-C1C2DCDC7887} = {BC76527C-68E7-4146-9014-5A5902DC1A3D}
		{B61767B8-9C82-4AFB-B2EC-E439E91AFF9D} = {62AF13CA-C88B-4850-9BFA-9E1B67F4B4EF}
		{CE82E37E-1CE8-4B52-9AD1-945C51987713} = {68A7C409-E9AB-40F3-A3E1-590D7943447A}
		{13D592A3-4AA4-48B5-8477-250A7637856F} = {E9E4517B-BBCA-42DA-9C54-C1C2DCDC7887}
	EndGlobalSection
	GlobalSection(ExtensibilityGlobals) = postSolution
		SolutionGuid = {BC30FDE2-D242-4C29-AD38-35C8D3F0B105}
	EndGlobalSection
EndGlobal
